
Microsoft Visual Studio Solution File, Format Version 12.00
# Visual Studio Version 16
VisualStudioVersion = 16.0.30002.166
MinimumVisualStudioVersion = 10.0.40219.1
Project("{9A19103F-16F7-4668-BE54-9A1E7A4F7556}") = "ApiOne", "ApiOne\ApiOne.csproj", "{0F987BB5-1D2F-4726-8EE9-65735BE34FEE}"
EndProject
Project("{9A19103F-16F7-4668-BE54-9A1E7A4F7556}") = "ApiTwo", "ApiTwo\ApiTwo.csproj", "{BB036D27-8306-47BD-A932-0841F46946F0}"
EndProject
Project("{2150E333-8FDC-42A3-9474-1A3956D46DE8}") = "jobs", "jobs", "{D05B4E99-21AB-47FB-AC2C-AAEEE711596C}"
EndProject
Project("{2150E333-8FDC-42A3-9474-1A3956D46DE8}") = "Modules", "Modules", "{3E854129-C2CD-414E-B363-BF23318A2C80}"
EndProject
Project("{2150E333-8FDC-42A3-9474-1A3956D46DE8}") = "Infrastructure", "Infrastructure", "{138EBE05-185D-48E0-BA67-57735D2152DF}"
EndProject
Project("{9A19103F-16F7-4668-BE54-9A1E7A4F7556}") = "Infrastructure.DataModel", "Infrastructure.DataModel\Infrastructure.DataModel.csproj", "{5F246EA9-EBF6-43E2-9EBE-F19983405B7C}"
EndProject
Project("{9A19103F-16F7-4668-BE54-9A1E7A4F7556}") = "DirectoryModules", "DirectoryModules\DirectoryModules.csproj", "{ADC01D9B-AEEF-48B8-8857-3038986DE1AD}"
EndProject
Project("{9A19103F-16F7-4668-BE54-9A1E7A4F7556}") = "ReportingJob", "ReportingJob\ReportingJob.csproj", "{FD619673-A994-4C14-95EC-7900141EC8F8}"
EndProject
Project("{FAE04EC0-301F-11D3-BF4B-00C04F79EFBC}") = "Infrastructure.CoreQueue", "Infrastructure.CoreQueue\Infrastructure.CoreQueue.csproj", "{0A65FB9C-F905-4128-A618-204124C5BAEB}"
EndProject
Project("{FAE04EC0-301F-11D3-BF4B-00C04F79EFBC}") = "ReportModules", "ReportModules\ReportModules.csproj", "{F9E8447F-1DE2-488B-BF48-81AF8C84ABAC}"
EndProject
Global
	GlobalSection(SolutionConfigurationPlatforms) = preSolution
		Debug|Any CPU = Debug|Any CPU
		Release|Any CPU = Release|Any CPU
	EndGlobalSection
	GlobalSection(ProjectConfigurationPlatforms) = postSolution
		{0F987BB5-1D2F-4726-8EE9-65735BE34FEE}.Debug|Any CPU.ActiveCfg = Debug|Any CPU
		{0F987BB5-1D2F-4726-8EE9-65735BE34FEE}.Debug|Any CPU.Build.0 = Debug|Any CPU
		{0F987BB5-1D2F-4726-8EE9-65735BE34FEE}.Release|Any CPU.ActiveCfg = Release|Any CPU
		{0F987BB5-1D2F-4726-8EE9-65735BE34FEE}.Release|Any CPU.Build.0 = Release|Any CPU
		{BB036D27-8306-47BD-A932-0841F46946F0}.Debug|Any CPU.ActiveCfg = Debug|Any CPU
		{BB036D27-8306-47BD-A932-0841F46946F0}.Debug|Any CPU.Build.0 = Debug|Any CPU
		{BB036D27-8306-47BD-A932-0841F46946F0}.Release|Any CPU.ActiveCfg = Release|Any CPU
		{BB036D27-8306-47BD-A932-0841F46946F0}.Release|Any CPU.Build.0 = Release|Any CPU
		{5F246EA9-EBF6-43E2-9EBE-F19983405B7C}.Debug|Any CPU.ActiveCfg = Debug|Any CPU
		{5F246EA9-EBF6-43E2-9EBE-F19983405B7C}.Debug|Any CPU.Build.0 = Debug|Any CPU
		{5F246EA9-EBF6-43E2-9EBE-F19983405B7C}.Release|Any CPU.ActiveCfg = Release|Any CPU
		{5F246EA9-EBF6-43E2-9EBE-F19983405B7C}.Release|Any CPU.Build.0 = Release|Any CPU
		{ADC01D9B-AEEF-48B8-8857-3038986DE1AD}.Debug|Any CPU.ActiveCfg = Debug|Any CPU
		{ADC01D9B-AEEF-48B8-8857-3038986DE1AD}.Debug|Any CPU.Build.0 = Debug|Any CPU
		{ADC01D9B-AEEF-48B8-8857-3038986DE1AD}.Release|Any CPU.ActiveCfg = Release|Any CPU
		{ADC01D9B-AEEF-48B8-8857-3038986DE1AD}.Release|Any CPU.Build.0 = Release|Any CPU
		{FD619673-A994-4C14-95EC-7900141EC8F8}.Debug|Any CPU.ActiveCfg = Debug|Any CPU
		{FD619673-A994-4C14-95EC-7900141EC8F8}.Debug|Any CPU.Build.0 = Debug|Any CPU
		{FD619673-A994-4C14-95EC-7900141EC8F8}.Release|Any CPU.ActiveCfg = Release|Any CPU
		{FD619673-A994-4C14-95EC-7900141EC8F8}.Release|Any CPU.Build.0 = Release|Any CPU
		{0A65FB9C-F905-4128-A618-204124C5BAEB}.Debug|Any CPU.ActiveCfg = Debug|Any CPU
		{0A65FB9C-F905-4128-A618-204124C5BAEB}.Debug|Any CPU.Build.0 = Debug|Any CPU
		{0A65FB9C-F905-4128-A618-204124C5BAEB}.Release|Any CPU.ActiveCfg = Release|Any CPU
		{0A65FB9C-F905-4128-A618-204124C5BAEB}.Release|Any CPU.Build.0 = Release|Any CPU
		{F9E8447F-1DE2-488B-BF48-81AF8C84ABAC}.Debug|Any CPU.ActiveCfg = Debug|Any CPU
		{F9E8447F-1DE2-488B-BF48-81AF8C84ABAC}.Debug|Any CPU.Build.0 = Debug|Any CPU
		{F9E8447F-1DE2-488B-BF48-81AF8C84ABAC}.Release|Any CPU.ActiveCfg = Release|Any CPU
		{F9E8447F-1DE2-488B-BF48-81AF8C84ABAC}.Release|Any CPU.Build.0 = Release|Any CPU
	EndGlobalSection
	GlobalSection(SolutionProperties) = preSolution
		HideSolutionNode = FALSE
	EndGlobalSection
	GlobalSection(NestedProjects) = preSolution
		{5F246EA9-EBF6-43E2-9EBE-F19983405B7C} = {138EBE05-185D-48E0-BA67-57735D2152DF}
		{ADC01D9B-AEEF-48B8-8857-3038986DE1AD} = {3E854129-C2CD-414E-B363-BF23318A2C80}
		{FD619673-A994-4C14-95EC-7900141EC8F8} = {D05B4E99-21AB-47FB-AC2C-AAEEE711596C}
		{0A65FB9C-F905-4128-A618-204124C5BAEB} = {138EBE05-185D-48E0-BA67-57735D2152DF}
		{F9E8447F-1DE2-488B-BF48-81AF8C84ABAC} = {3E854129-C2CD-414E-B363-BF23318A2C80}
	EndGlobalSection
	GlobalSection(ExtensibilityGlobals) = postSolution
		SolutionGuid = {1719E809-8A71-4DB1-8419-847E52BDD180}
	EndGlobalSection
EndGlobal
